{
  "requires": true,
  "lockfileVersion": 1,
  "dependencies": {
    "vue-search-select": {
      "version": "2.9.3",
      "resolved": "https://registry.npmjs.org/vue-search-select/-/vue-search-select-2.9.3.tgz",
      "integrity": "sha512-JQBTSKKX3nAoeeEaSqg2iQDtR1YBs0qZ08os/QDOqFocGPSvAffNb4VajSnlFWJlKQDJcev3iQuBLcWM2pxr0Q=="
    }
  }
}
